# This file is automatically @generated by Cargo.
# It is not intended for manual editing.
version = 3

[[package]]
name = "gravsim"
version = "0.1.0"
dependencies = [
 "rusty_units",
]

[[package]]
name = "paste"
version = "1.0.15"
source = "registry+https://github.com/rust-lang/crates.io-index"
checksum = "57c0d7b74b563b49d38dae00a0c37d4d6de9b432382b2892f0574ddcae73fd0a"

[[package]]
name = "rusty_units"
version = "0.1.0"
source = "registry+https://github.com/rust-lang/crates.io-index"
checksum = "1da679673e26824719dde02cf13a5a065b4e804ec1ad3369c1b23a76d5eee630"
dependencies = [
 "paste",
]
